# This file is automatically @generated by Cargo.
# It is not intended for manual editing.
[[package]]
name = "Inflector"
version = "0.11.4"
source = "registry+https://github.com/rust-lang/crates.io-index"
checksum = "fe438c63458706e03479442743baae6c88256498e6431708f6dfc520a26515d3"
dependencies = [
 "lazy_static",
 "regex 1.3.7",
]

[[package]]
name = "aes"
version = "0.3.2"
source = "registry+https://github.com/rust-lang/crates.io-index"
checksum = "54eb1d8fe354e5fc611daf4f2ea97dd45a765f4f1e4512306ec183ae2e8f20c9"
dependencies = [
 "aes-soft",
 "aesni",
 "block-cipher-trait",
]

[[package]]
name = "aes-soft"
version = "0.3.3"
source = "registry+https://github.com/rust-lang/crates.io-index"
checksum = "cfd7e7ae3f9a1fb5c03b389fc6bb9a51400d0c13053f0dca698c832bfd893a0d"
dependencies = [
 "block-cipher-trait",
 "byteorder",
 "opaque-debug",
]

[[package]]
name = "aesni"
version = "0.6.0"
source = "registry+https://github.com/rust-lang/crates.io-index"
checksum = "2f70a6b5f971e473091ab7cfb5ffac6cde81666c4556751d8d5620ead8abf100"
dependencies = [
 "block-cipher-trait",
 "opaque-debug",
]

[[package]]
name = "aho-corasick"
version = "0.7.6"
source = "git+https://github.com/mesalock-linux/aho-corasick-sgx#65dcfcb4b98ed197ec5e0c6f2eaf52a1f100a6af"
dependencies = [
 "memchr 2.2.1",
 "sgx_tstd",
]

[[package]]
name = "aho-corasick"
version = "0.7.10"
source = "registry+https://github.com/rust-lang/crates.io-index"
checksum = "8716408b8bc624ed7f65d223ddb9ac2d044c0547b6fa4b0d554f3a9540496ada"
dependencies = [
 "memchr 2.3.3",
]

[[package]]
name = "arrayref"
version = "0.3.6"
source = "registry+https://github.com/rust-lang/crates.io-index"
checksum = "a4c527152e37cf757a3f78aae5a06fbeefdb07ccc535c980a3208ee3060dd544"

[[package]]
name = "arrayvec"
version = "0.4.12"
source = "registry+https://github.com/rust-lang/crates.io-index"
checksum = "cd9fd44efafa8690358b7408d253adf110036b88f55672a933f01d616ad9b1b9"
dependencies = [
 "nodrop",
]

[[package]]
name = "arrayvec"
version = "0.5.1"
source = "registry+https://github.com/rust-lang/crates.io-index"
checksum = "cff77d8686867eceff3105329d4698d96c2391c176d5d03adc90c7389162b5b8"

[[package]]
name = "autocfg"
version = "0.1.7"
source = "registry+https://github.com/rust-lang/crates.io-index"
checksum = "1d49d90015b3c36167a20fe2810c5cd875ad504b39cff3d4eae7977e6b7c1cb2"

[[package]]
name = "autocfg"
version = "1.0.0"
source = "registry+https://github.com/rust-lang/crates.io-index"
checksum = "f8aac770f1885fd7e387acedd76065302551364496e46b3dd00860b2f8359b9d"

[[package]]
name = "bare-metal"
version = "0.2.5"
source = "registry+https://github.com/rust-lang/crates.io-index"
checksum = "5deb64efa5bd81e31fcd1938615a6d98c82eafcbcd787162b6f63b91d6bac5b3"
dependencies = [
 "rustc_version",
]

[[package]]
name = "base64"
version = "0.10.1"
source = "git+https://github.com/mesalock-linux/rust-base64-sgx#cea11524d6a0916df66003e4635c0e686bec7b7b"
dependencies = [
 "sgx_tstd",
]

[[package]]
name = "bit-vec"
version = "0.6.1"
source = "registry+https://github.com/rust-lang/crates.io-index"
checksum = "a4523a10839ffae575fb08aa3423026c8cb4687eef43952afb956229d4f246f7"

[[package]]
name = "bitmask"
version = "0.5.0"
source = "registry+https://github.com/rust-lang/crates.io-index"
checksum = "5da9b3d9f6f585199287a473f4f8dfab6566cf827d15c00c219f53c645687ead"

[[package]]
name = "blake2-rfc"
version = "0.2.18"
source = "registry+https://github.com/rust-lang/crates.io-index"
checksum = "5d6d530bdd2d52966a6d03b7a964add7ae1a288d25214066fd4b600f0f796400"
dependencies = [
 "arrayvec 0.4.12",
 "constant_time_eq",
]

[[package]]
name = "block-buffer"
version = "0.7.3"
source = "registry+https://github.com/rust-lang/crates.io-index"
checksum = "c0940dc441f31689269e10ac70eb1002a3a1d3ad1390e030043662eb7fe4688b"
dependencies = [
 "block-padding",
 "byte-tools",
 "byteorder",
 "generic-array",
]

[[package]]
name = "block-cipher-trait"
version = "0.6.2"
source = "registry+https://github.com/rust-lang/crates.io-index"
checksum = "1c924d49bd09e7c06003acda26cd9742e796e34282ec6c1189404dee0c1f4774"
dependencies = [
 "generic-array",
]

[[package]]
name = "block-padding"
version = "0.1.5"
source = "registry+https://github.com/rust-lang/crates.io-index"
checksum = "fa79dedbb091f449f1f39e53edf88d5dbe95f895dae6135a8d7b881fb5af73f5"
dependencies = [
 "byte-tools",
]

[[package]]
name = "byte-slice-cast"
version = "0.3.5"
source = "registry+https://github.com/rust-lang/crates.io-index"
checksum = "b0a5e3906bcbf133e33c1d4d95afc664ad37fbdb9f6568d8043e7ea8c27d93d3"

[[package]]
name = "byte-tools"
version = "0.3.1"
source = "registry+https://github.com/rust-lang/crates.io-index"
checksum = "e3b5ca7a04898ad4bcd41c90c5285445ff5b791899bb1b0abdd2a2aa791211d7"

[[package]]
name = "byteorder"
version = "1.3.4"
source = "registry+https://github.com/rust-lang/crates.io-index"
checksum = "08c48aae112d48ed9f069b33538ea9e3e90aa263cfa3d1c24309612b1f7472de"

[[package]]
name = "cc"
version = "1.0.52"
source = "registry+https://github.com/rust-lang/crates.io-index"
checksum = "c3d87b23d6a92cd03af510a5ade527033f6aa6fa92161e2d5863a907d4c5e31d"

[[package]]
name = "cfg-if"
version = "0.1.10"
source = "registry+https://github.com/rust-lang/crates.io-index"
checksum = "4785bdd1c96b2a846b2bd7cc02e86b6b3dbf14e7e53446c4f54c92a361040822"

[[package]]
name = "chrono"
version = "0.4.10"
source = "git+https://github.com/mesalock-linux/chrono-sgx#ff2a0ba8f00b4978e9c486790a792efc848feb18"
dependencies = [
 "num-integer",
 "num-traits 0.2.10",
 "sgx_tstd",
]

[[package]]
name = "clear_on_drop"
version = "0.2.3"
source = "registry+https://github.com/rust-lang/crates.io-index"
checksum = "97276801e127ffb46b66ce23f35cc96bd454fa311294bced4bbace7baa8b1d17"
dependencies = [
 "cc",
]

[[package]]
name = "constant_time_eq"
version = "0.1.5"
source = "registry+https://github.com/rust-lang/crates.io-index"
checksum = "245097e9a4535ee1e3e3931fcfcd55a796a44c643e8596ff6566d68f09b87bbc"

[[package]]
name = "crunchy"
version = "0.2.2"
source = "registry+https://github.com/rust-lang/crates.io-index"
checksum = "7a81dae078cea95a014a339291cec439d2f232ebe854a9d672b796c6afafa9b7"

[[package]]
name = "crypto-mac"
version = "0.7.0"
source = "registry+https://github.com/rust-lang/crates.io-index"
checksum = "4434400df11d95d556bac068ddfedd482915eb18fe8bea89bc80b6e4b1c179e5"
dependencies = [
 "generic-array",
 "subtle 1.0.0",
]

[[package]]
name = "curve25519-dalek"
version = "1.2.3"
source = "registry+https://github.com/rust-lang/crates.io-index"
checksum = "8b7dcd30ba50cdf88b55b033456138b7c0ac4afdc436d82e1b79f370f24cc66d"
dependencies = [
 "byteorder",
 "clear_on_drop",
 "digest",
 "rand_core 0.3.1",
 "subtle 2.2.2",
]

[[package]]
name = "digest"
version = "0.8.1"
source = "registry+https://github.com/rust-lang/crates.io-index"
checksum = "f3d0c8c8752312f9713efd397ff63acb9f85585afbf179282e720e7704954dd5"
dependencies = [
 "generic-array",
]

[[package]]
name = "ed25519-dalek"
version = "0.9.1"
source = "registry+https://github.com/rust-lang/crates.io-index"
checksum = "2d07e8b8a8386c3b89a7a4b329fdfa4cb545de2545e9e2ebbc3dd3929253e426"
dependencies = [
 "clear_on_drop",
 "curve25519-dalek",
 "failure",
 "rand",
]

[[package]]
name = "either"
version = "1.5.3"
source = "registry+https://github.com/rust-lang/crates.io-index"
checksum = "bb1f6b1ce1c140482ea30ddd3335fc0024ac7ee112895426e0a629a6c20adfe3"

[[package]]
name = "env_logger"
version = "0.7.1"
source = "git+https://github.com/mesalock-linux/env_logger-sgx#ca9be302e3744d5ca3dcabefeca0efe65ebd94f1"
dependencies = [
 "humantime",
 "log 0.4.8 (git+https://github.com/mesalock-linux/log-sgx)",
 "regex 1.3.1",
 "sgx_tstd",
 "termcolor",
]

[[package]]
name = "environmental"
version = "1.1.1"
source = "registry+https://github.com/rust-lang/crates.io-index"
checksum = "516aa8d7a71cb00a1c4146f0798549b93d083d4f189b3ced8f3de6b8f11ee6c4"

[[package]]
name = "failure"
version = "0.1.7"
source = "registry+https://github.com/rust-lang/crates.io-index"
checksum = "b8529c2421efa3066a5cbd8063d2244603824daccb6936b079010bb2aa89464b"

[[package]]
name = "fake-simd"
version = "0.1.2"
source = "registry+https://github.com/rust-lang/crates.io-index"
checksum = "e88a8acf291dafb59c2d96e8f59828f3838bb1a70398823ade51a84de6a6deed"

[[package]]
name = "fixed-hash"
version = "0.5.2"
source = "registry+https://github.com/rust-lang/crates.io-index"
checksum = "3367952ceb191f4ab95dd5685dc163ac539e36202f9fcfd0cb22f9f9c542fefc"
dependencies = [
 "static_assertions",
]

[[package]]
name = "generic-array"
version = "0.12.3"
source = "registry+https://github.com/rust-lang/crates.io-index"
checksum = "c68f0274ae0e023facc3c97b2e00f076be70e254bc851d972503b328db79b2ec"
dependencies = [
 "typenum",
]

[[package]]
name = "hash-db"
version = "0.15.2"
source = "registry+https://github.com/rust-lang/crates.io-index"
checksum = "d23bd4e7b5eda0d0f3a307e8b381fdc8ba9000f26fbe912250c0a4cc3956364a"

[[package]]
name = "hash256-std-hasher"
version = "0.15.2"
source = "registry+https://github.com/rust-lang/crates.io-index"
checksum = "92c171d55b98633f4ed3860808f004099b36c1cc29c42cfc53aa8591b21efcf2"
dependencies = [
 "crunchy",
]

[[package]]
name = "hashbrown_tstd"
version = "0.7.1"
source = "git+https://github.com/apache/teaclave-sgx-sdk.git?rev=v1.1.1#66aaa2888992c63137e87adc688ddedab1181056"
dependencies = [
 "autocfg 1.0.0",
]

[[package]]
name = "hex"
version = "0.4.2"
source = "registry+https://github.com/rust-lang/crates.io-index"
checksum = "644f9158b2f133fd50f5fb3242878846d9eb792e445c893805ff0e3824006e35"

[[package]]
name = "hmac"
version = "0.7.1"
source = "registry+https://github.com/rust-lang/crates.io-index"
checksum = "5dcb5e64cda4c23119ab41ba960d1e170a774c8e4b9d9e6a9bc18aabf5e59695"
dependencies = [
 "crypto-mac",
 "digest",
]

[[package]]
name = "hmac-drbg"
version = "0.2.0"
source = "registry+https://github.com/rust-lang/crates.io-index"
checksum = "c6e570451493f10f6581b48cdd530413b63ea9e780f544bfd3bdcaa0d89d1a7b"
dependencies = [
 "digest",
 "generic-array",
 "hmac",
]

[[package]]
name = "httparse"
version = "1.3.4"
source = "registry+https://github.com/rust-lang/crates.io-index"
checksum = "cd179ae861f0c2e53da70d892f5f3029f9594be0c41dc5269cd371691b1dc2f9"

[[package]]
name = "humantime"
version = "1.3.0"
source = "git+https://github.com/mesalock-linux/humantime-sgx#b261520acda133ce5b682735ddcd4e95cd34ed67"
dependencies = [
 "quick-error",
 "sgx_tstd",
]

[[package]]
name = "impl-codec"
version = "0.4.2"
source = "registry+https://github.com/rust-lang/crates.io-index"
checksum = "1be51a921b067b0eaca2fad532d9400041561aa922221cc65f95a85641c6bf53"
dependencies = [
 "parity-scale-codec",
]

[[package]]
name = "impl-trait-for-tuples"
version = "0.1.3"
source = "registry+https://github.com/rust-lang/crates.io-index"
checksum = "7ef5550a42e3740a0e71f909d4c861056a284060af885ae7aa6242820f920d9d"
dependencies = [
 "proc-macro2",
 "quote 1.0.3",
 "syn 1.0.17",
]

[[package]]
name = "integer-sqrt"
version = "0.1.3"
source = "registry+https://github.com/rust-lang/crates.io-index"
checksum = "f65877bf7d44897a473350b1046277941cee20b263397e90869c50b6e766088b"

[[package]]
name = "itertools"
version = "0.8.2"
source = "registry+https://github.com/rust-lang/crates.io-index"
checksum = "f56a2d0bc861f9165be4eb3442afd3c236d8a98afd426f65d92324ae1091a484"
dependencies = [
 "either",
]

[[package]]
name = "itertools"
version = "0.9.0"
source = "registry+https://github.com/rust-lang/crates.io-index"
checksum = "284f18f85651fe11e8a991b2adb42cb078325c996ed026d994719efcfca1d54b"
dependencies = [
 "either",
]

[[package]]
name = "itoa"
version = "0.4.5"
source = "git+https://github.com/mesalock-linux/itoa-sgx.git#b5c29afd29b9d246869d9375bdc0c228efdbf29d"
dependencies = [
 "sgx_tstd",
]

[[package]]
name = "keccak"
version = "0.1.0"
source = "registry+https://github.com/rust-lang/crates.io-index"
checksum = "67c21572b4949434e4fc1e1978b99c5f77064153c59d998bf13ecd96fb5ecba7"

[[package]]
name = "lazy_static"
version = "1.4.0"
source = "registry+https://github.com/rust-lang/crates.io-index"
checksum = "e2abad23fbc42b3700f2f279844dc832adb2b2eb069b2df918f455c4e18cc646"
dependencies = [
 "spin",
]

[[package]]
name = "libc"
version = "0.2.69"
source = "registry+https://github.com/rust-lang/crates.io-index"
checksum = "99e85c08494b21a9054e7fe1374a732aeadaff3980b6990b94bfd3a70f690005"

[[package]]
name = "libsecp256k1"
version = "0.3.2"
source = "registry+https://github.com/rust-lang/crates.io-index"
checksum = "2bd9a7c16c9487e710536b699c962f022266347c94201174aa0a7eb0546051aa"
dependencies = [
 "arrayref",
 "digest",
 "hmac-drbg",
 "rand",
 "sha2",
 "subtle 2.2.2",
 "typenum",
]

[[package]]
name = "log"
version = "0.4.8"
source = "git+https://github.com/mesalock-linux/log-sgx#554a65180046af5a901d7233f3cf4693d58d3394"
dependencies = [
 "cfg-if",
 "sgx_tstd",
]

[[package]]
name = "log"
version = "0.4.8"
source = "git+https://github.com/mesalock-linux/log-sgx?rev=sgx_1.1.1#554a65180046af5a901d7233f3cf4693d58d3394"
dependencies = [
 "cfg-if",
 "sgx_tstd",
]

[[package]]
name = "log"
version = "0.4.8"
source = "registry+https://github.com/rust-lang/crates.io-index"
checksum = "14b6052be84e6b71ab17edffc2eeabf5c2c3ae1fdb464aae35ac50c67a44e1f7"
dependencies = [
 "cfg-if",
]

[[package]]
name = "memchr"
version = "2.2.1"
source = "git+https://github.com/mesalock-linux/rust-memchr-sgx#7c09a9d7c5cf495762d3d52d2b9efee51cefabb5"
dependencies = [
 "sgx_libc",
 "sgx_tstd",
 "sgx_types",
]

[[package]]
name = "memchr"
version = "2.3.3"
source = "registry+https://github.com/rust-lang/crates.io-index"
checksum = "3728d817d99e5ac407411fa471ff9800a778d88a24685968b36824eaf4bee400"

[[package]]
name = "merlin"
version = "1.3.0"
source = "registry+https://github.com/rust-lang/crates.io-index"
checksum = "2b0942b357c1b4d0dc43ba724674ec89c3218e6ca2b3e8269e7cb53bcecd2f6e"
dependencies = [
 "byteorder",
 "keccak",
 "rand_core 0.4.2",
 "zeroize 1.1.0",
]

[[package]]
name = "nb"
version = "0.1.2"
source = "registry+https://github.com/rust-lang/crates.io-index"
checksum = "b1411551beb3c11dedfb0a90a0fa256b47d28b9ec2cdff34c25a2fa59e45dbdc"

[[package]]
name = "nb-sync"
version = "0.2.0"
source = "registry+https://github.com/rust-lang/crates.io-index"
checksum = "d621c6bcc40bec698efc998d8cde950f5ee01c41cf587835eccc16714ee016e9"
dependencies = [
 "bare-metal",
 "nb",
]

[[package]]
name = "node-primitives"
version = "2.0.0"
source = "git+https://github.com/paritytech/substrate?rev=3bf9540e72df5ecb3955845764dfee7dcdbb26b5#3bf9540e72df5ecb3955845764dfee7dcdbb26b5"
dependencies = [
 "sr-primitives",
 "substrate-primitives",
]

[[package]]
name = "nodrop"
version = "0.1.14"
source = "registry+https://github.com/rust-lang/crates.io-index"
checksum = "72ef4a56884ca558e5ddb05a1d1e7e1bfd9a68d9ed024c21704cc98872dae1bb"

[[package]]
name = "num"
version = "0.2.0"
source = "git+https://github.com/mesalock-linux/num-sgx#22645415542cc67551890dfdd34f4d5638b9ec78"
dependencies = [
 "num-bigint",
 "num-complex",
 "num-integer",
 "num-iter",
 "num-rational",
 "num-traits 0.2.10",
]

[[package]]
name = "num-bigint"
version = "0.2.5"
source = "git+https://github.com/mesalock-linux/num-bigint-sgx#cbc638aa30cbc6268d28b9eef4027cea25ab5b4b"
dependencies = [
 "autocfg 1.0.0",
 "num-integer",
 "num-traits 0.2.10",
 "sgx_tstd",
]

[[package]]
name = "num-complex"
version = "0.2.3"
source = "git+https://github.com/mesalock-linux/num-complex-sgx#4e12f450a5eb2a3a86d6a4987b26e940e1d75c36"
dependencies = [
 "autocfg 0.1.7",
 "num-traits 0.2.10",
 "sgx_tstd",
]

[[package]]
name = "num-integer"
version = "0.1.41"
source = "git+https://github.com/mesalock-linux/num-integer-sgx#2b4d3afc0a2de15ec0e10e4748d73deb0f025582"
dependencies = [
 "autocfg 0.1.7",
 "num-traits 0.2.10",
 "sgx_tstd",
]

[[package]]
name = "num-iter"
version = "0.1.39"
source = "git+https://github.com/mesalock-linux/num-iter-sgx#cfcdb0fff55b81441409c25b5a0644772a603519"
dependencies = [
 "num-integer",
 "num-traits 0.2.10",
 "sgx_tstd",
]

[[package]]
name = "num-rational"
version = "0.2.2"
source = "git+https://github.com/mesalock-linux/num-rational-sgx#8fc4b843750e41e15dfcbfb1153f9e6ef912494c"
dependencies = [
 "autocfg 0.1.7",
 "num-bigint",
 "num-integer",
 "num-traits 0.2.10",
 "sgx_tstd",
]

[[package]]
name = "num-traits"
version = "0.2.10"
source = "git+https://github.com/mesalock-linux/num-traits-sgx#effd92d492c3938212b09d815550ef4e9ca7226a"
dependencies = [
 "autocfg 0.1.7",
 "sgx_tstd",
]

[[package]]
name = "num-traits"
version = "0.2.11"
source = "registry+https://github.com/rust-lang/crates.io-index"
checksum = "c62be47e61d1842b9170f0fdeec8eba98e60e90e5446449a0545e5152acd7096"
dependencies = [
 "autocfg 1.0.0",
]

[[package]]
name = "ofb"
version = "0.1.1"
source = "registry+https://github.com/rust-lang/crates.io-index"
checksum = "0a877c7cc0b1801e45e3a71a799f50d8e4707ffb36faa06998f0a479b54bb894"
dependencies = [
 "block-cipher-trait",
 "stream-cipher",
]

[[package]]
name = "opaque-debug"
version = "0.2.3"
source = "registry+https://github.com/rust-lang/crates.io-index"
checksum = "2839e79665f131bdb5782e51f2c6c9599c133c6098982a54c794358bf432529c"

[[package]]
name = "palette-metadata"
version = "2.0.0"
source = "git+https://github.com/paritytech/substrate?rev=3bf9540e72df5ecb3955845764dfee7dcdbb26b5#3bf9540e72df5ecb3955845764dfee7dcdbb26b5"
dependencies = [
 "parity-scale-codec",
 "sr-std",
 "substrate-primitives",
]

[[package]]
name = "palette-support"
version = "2.0.0"
source = "git+https://github.com/paritytech/substrate?rev=3bf9540e72df5ecb3955845764dfee7dcdbb26b5#3bf9540e72df5ecb3955845764dfee7dcdbb26b5"
dependencies = [
 "bitmask",
 "impl-trait-for-tuples",
 "log 0.4.8 (registry+https://github.com/rust-lang/crates.io-index)",
 "palette-metadata",
 "palette-support-procedural",
 "parity-scale-codec",
 "paste",
 "sr-io",
 "sr-primitives",
 "sr-std",
 "substrate-inherents",
 "substrate-primitives",
]

[[package]]
name = "palette-support-procedural"
version = "2.0.0"
source = "git+https://github.com/paritytech/substrate?rev=3bf9540e72df5ecb3955845764dfee7dcdbb26b5#3bf9540e72df5ecb3955845764dfee7dcdbb26b5"
dependencies = [
 "palette-support-procedural-tools",
 "proc-macro2",
 "quote 1.0.3",
 "syn 1.0.17",
]

[[package]]
name = "palette-support-procedural-tools"
version = "2.0.0"
source = "git+https://github.com/paritytech/substrate?rev=3bf9540e72df5ecb3955845764dfee7dcdbb26b5#3bf9540e72df5ecb3955845764dfee7dcdbb26b5"
dependencies = [
 "palette-support-procedural-tools-derive",
 "proc-macro-crate",
 "proc-macro2",
 "quote 1.0.3",
 "syn 1.0.17",
]

[[package]]
name = "palette-support-procedural-tools-derive"
version = "2.0.0"
source = "git+https://github.com/paritytech/substrate?rev=3bf9540e72df5ecb3955845764dfee7dcdbb26b5#3bf9540e72df5ecb3955845764dfee7dcdbb26b5"
dependencies = [
 "proc-macro2",
 "quote 1.0.3",
 "syn 1.0.17",
]

[[package]]
name = "palette-system"
version = "2.0.0"
source = "git+https://github.com/paritytech/substrate?rev=3bf9540e72df5ecb3955845764dfee7dcdbb26b5#3bf9540e72df5ecb3955845764dfee7dcdbb26b5"
dependencies = [
 "impl-trait-for-tuples",
 "palette-support",
 "parity-scale-codec",
 "safe-mix",
 "sr-io",
 "sr-primitives",
 "sr-std",
 "sr-version",
 "substrate-primitives",
]

[[package]]
name = "pallet-balances"
version = "2.0.0"
source = "git+https://github.com/paritytech/substrate?rev=3bf9540e72df5ecb3955845764dfee7dcdbb26b5#3bf9540e72df5ecb3955845764dfee7dcdbb26b5"
dependencies = [
 "palette-support",
 "palette-system",
 "parity-scale-codec",
 "safe-mix",
 "sr-primitives",
 "sr-std",
]

[[package]]
name = "pallet-indices"
version = "2.0.0"
source = "git+https://github.com/paritytech/substrate?rev=3bf9540e72df5ecb3955845764dfee7dcdbb26b5#3bf9540e72df5ecb3955845764dfee7dcdbb26b5"
dependencies = [
 "palette-support",
 "palette-system",
 "parity-scale-codec",
 "safe-mix",
 "sr-io",
 "sr-primitives",
 "sr-std",
 "substrate-primitives",
]

[[package]]
name = "parity-scale-codec"
version = "1.3.0"
source = "registry+https://github.com/rust-lang/crates.io-index"
checksum = "329c8f7f4244ddb5c37c103641027a76c530e65e8e4b8240b29f81ea40508b17"
dependencies = [
 "arrayvec 0.5.1",
 "byte-slice-cast",
 "parity-scale-codec-derive",
]

[[package]]
name = "parity-scale-codec-derive"
version = "1.2.0"
source = "registry+https://github.com/rust-lang/crates.io-index"
checksum = "5a0ec292e92e8ec7c58e576adacc1e3f399c597c8f263c42f18420abe58e7245"
dependencies = [
 "proc-macro-crate",
 "proc-macro2",
 "quote 1.0.3",
 "syn 1.0.17",
]

[[package]]
name = "paste"
version = "0.1.10"
source = "registry+https://github.com/rust-lang/crates.io-index"
checksum = "ab4fb1930692d1b6a9cfabdde3d06ea0a7d186518e2f4d67660d8970e2fa647a"
dependencies = [
 "paste-impl",
 "proc-macro-hack",
]

[[package]]
name = "paste-impl"
version = "0.1.10"
source = "registry+https://github.com/rust-lang/crates.io-index"
checksum = "a62486e111e571b1e93b710b61e8f493c0013be39629b714cb166bdb06aa5a8a"
dependencies = [
 "proc-macro-hack",
 "proc-macro2",
 "quote 1.0.3",
 "syn 1.0.17",
]

[[package]]
name = "primitive-types"
version = "0.6.2"
source = "registry+https://github.com/rust-lang/crates.io-index"
checksum = "e4336f4f5d5524fa60bcbd6fe626f9223d8142a50e7053e979acdf0da41ab975"
dependencies = [
 "fixed-hash",
 "impl-codec",
 "uint",
]

[[package]]
name = "proc-macro-crate"
version = "0.1.4"
source = "registry+https://github.com/rust-lang/crates.io-index"
checksum = "e10d4b51f154c8a7fb96fd6dad097cb74b863943ec010ac94b9fd1be8861fe1e"
dependencies = [
 "toml",
]

[[package]]
name = "proc-macro-hack"
version = "0.5.15"
source = "registry+https://github.com/rust-lang/crates.io-index"
checksum = "0d659fe7c6d27f25e9d80a1a094c223f5246f6a6596453e09d7229bf42750b63"

[[package]]
name = "proc-macro2"
version = "1.0.10"
source = "registry+https://github.com/rust-lang/crates.io-index"
checksum = "df246d292ff63439fea9bc8c0a270bed0e390d5ebd4db4ba15aba81111b5abe3"
dependencies = [
 "unicode-xid 0.2.0",
]

[[package]]
name = "quick-error"
version = "1.2.2"
source = "git+https://github.com/mesalock-linux/quick-error-sgx#0d5e290435db03d57c325fb3619b9d39c911d3f3"

[[package]]
name = "quote"
version = "0.3.15"
source = "registry+https://github.com/rust-lang/crates.io-index"
checksum = "7a6e920b65c65f10b2ae65c831a81a073a89edd28c7cce89475bff467ab4167a"

[[package]]
name = "quote"
version = "1.0.3"
source = "registry+https://github.com/rust-lang/crates.io-index"
checksum = "2bdc6c187c65bca4260c9011c9e3132efe4909da44726bad24cf7572ae338d7f"
dependencies = [
 "proc-macro2",
]

[[package]]
name = "rand"
version = "0.6.5"
source = "registry+https://github.com/rust-lang/crates.io-index"
checksum = "6d71dacdc3c88c1fde3885a3be3fbab9f35724e6ce99467f7d9c5026132184ca"
dependencies = [
 "autocfg 0.1.7",
 "libc",
 "rand_chacha",
 "rand_core 0.4.2",
 "rand_hc",
 "rand_isaac",
 "rand_jitter",
 "rand_pcg",
 "rand_xorshift",
 "winapi",
]

[[package]]
name = "rand_chacha"
version = "0.1.1"
source = "registry+https://github.com/rust-lang/crates.io-index"
checksum = "556d3a1ca6600bfcbab7c7c91ccb085ac7fbbcd70e008a98742e7847f4f7bcef"
dependencies = [
 "autocfg 0.1.7",
 "rand_core 0.3.1",
]

[[package]]
name = "rand_core"
version = "0.3.1"
source = "registry+https://github.com/rust-lang/crates.io-index"
checksum = "7a6fdeb83b075e8266dcc8762c22776f6877a63111121f5f8c7411e5be7eed4b"
dependencies = [
 "rand_core 0.4.2",
]

[[package]]
name = "rand_core"
version = "0.4.2"
source = "registry+https://github.com/rust-lang/crates.io-index"
checksum = "9c33a3c44ca05fa6f1807d8e6743f3824e8509beca625669633be0acbdf509dc"

[[package]]
name = "rand_hc"
version = "0.1.0"
source = "registry+https://github.com/rust-lang/crates.io-index"
checksum = "7b40677c7be09ae76218dc623efbf7b18e34bced3f38883af07bb75630a21bc4"
dependencies = [
 "rand_core 0.3.1",
]

[[package]]
name = "rand_isaac"
version = "0.1.1"
source = "registry+https://github.com/rust-lang/crates.io-index"
checksum = "ded997c9d5f13925be2a6fd7e66bf1872597f759fd9dd93513dd7e92e5a5ee08"
dependencies = [
 "rand_core 0.3.1",
]

[[package]]
name = "rand_jitter"
version = "0.1.4"
source = "registry+https://github.com/rust-lang/crates.io-index"
checksum = "1166d5c91dc97b88d1decc3285bb0a99ed84b05cfd0bc2341bdf2d43fc41e39b"
dependencies = [
 "libc",
 "rand_core 0.4.2",
 "winapi",
]

[[package]]
name = "rand_pcg"
version = "0.1.2"
source = "registry+https://github.com/rust-lang/crates.io-index"
checksum = "abf9b09b01790cfe0364f52bf32995ea3c39f4d2dd011eac241d2914146d0b44"
dependencies = [
 "autocfg 0.1.7",
 "rand_core 0.4.2",
]

[[package]]
name = "rand_xorshift"
version = "0.1.1"
source = "registry+https://github.com/rust-lang/crates.io-index"
checksum = "cbf7e9e623549b0e21f6e97cf8ecf247c1a8fd2e8a992ae265314300b2455d5c"
dependencies = [
 "rand_core 0.3.1",
]

[[package]]
name = "regex"
version = "1.3.1"
source = "git+https://github.com/mesalock-linux/regex-sgx#9a3e9ada88a91b29b1ea9c2180a76158490461c5"
dependencies = [
 "aho-corasick 0.7.6",
 "memchr 2.2.1",
 "regex-syntax 0.6.12",
 "sgx_tstd",
 "thread_local 1.0.0",
]

[[package]]
name = "regex"
version = "1.3.7"
source = "registry+https://github.com/rust-lang/crates.io-index"
checksum = "a6020f034922e3194c711b82a627453881bc4682166cabb07134a10c26ba7692"
dependencies = [
 "aho-corasick 0.7.10",
 "memchr 2.3.3",
 "regex-syntax 0.6.17",
 "thread_local 1.0.1",
]

[[package]]
name = "regex-syntax"
version = "0.6.12"
source = "git+https://github.com/mesalock-linux/regex-sgx#9a3e9ada88a91b29b1ea9c2180a76158490461c5"
dependencies = [
 "sgx_tstd",
]

[[package]]
name = "regex-syntax"
version = "0.6.17"
source = "registry+https://github.com/rust-lang/crates.io-index"
checksum = "7fe5bd57d1d7414c6b5ed48563a2c855d995ff777729dcd91c369ec7fea395ae"

[[package]]
name = "ring"
version = "0.16.11"
source = "git+https://github.com/mesalock-linux/ring-sgx?tag=v0.16.5#6053fe7eaef7de8a681bd0242a06b01fe9da4b02"
dependencies = [
 "cc",
 "sgx_tstd",
 "spin",
 "untrusted",
]

[[package]]
name = "rust-base58"
version = "0.0.4"
source = "git+https://github.com/mesalock-linux/rust-base58-sgx?rev=sgx_1.1.1#7898a446dbf95bcfcbbb6a8346de0626a505b96c"
dependencies = [
 "num",
 "sgx_tstd",
]

[[package]]
name = "rustc-hex"
version = "2.1.0"
source = "registry+https://github.com/rust-lang/crates.io-index"
checksum = "3e75f6a532d0fd9f7f13144f392b6ad56a32696bfcd9c78f797f16bbb6f072d6"

[[package]]
name = "rustc_version"
version = "0.2.3"
source = "registry+https://github.com/rust-lang/crates.io-index"
checksum = "138e3e0acb6c9fb258b19b67cb8abd63c00679d2851805ea151465464fe9030a"
dependencies = [
 "semver",
]

[[package]]
name = "rustls"
version = "0.16.0"
source = "git+https://github.com/mesalock-linux/rustls?rev=sgx_1.1.1#b2ba59d0ca5941869a90f5e8401a99788c177bf6"
dependencies = [
 "base64",
 "log 0.4.8 (git+https://github.com/mesalock-linux/log-sgx)",
 "ring",
 "sct",
 "sgx_tstd",
 "webpki",
]

[[package]]
name = "ryu"
version = "1.0.4"
source = "registry+https://github.com/rust-lang/crates.io-index"
checksum = "ed3d612bc64430efeb3f7ee6ef26d590dce0c43249217bddc62112540c7941e1"

[[package]]
name = "safe-mix"
version = "1.0.1"
source = "registry+https://github.com/rust-lang/crates.io-index"
checksum = "6d3d055a2582e6b00ed7a31c1524040aa391092bf636328350813f3a0605215c"
dependencies = [
 "rustc_version",
]

[[package]]
name = "schnorrkel"
version = "0.8.5"
source = "registry+https://github.com/rust-lang/crates.io-index"
checksum = "eacd8381b3c37840c9c9f40472af529e49975bdcbc24f83c31059fd6539023d3"
dependencies = [
 "curve25519-dalek",
 "failure",
 "merlin",
 "rand_core 0.4.2",
 "sha2",
 "subtle 2.2.2",
 "zeroize 0.9.3",
]

[[package]]
name = "sct"
version = "0.6.0"
source = "git+https://github.com/mesalock-linux/sct.rs?branch=mesalock_sgx#fab7765c8b8141076dae2e1d997b0e2c2dfb7788"
dependencies = [
 "ring",
 "sgx_tstd",
 "untrusted",
]

[[package]]
name = "semver"
version = "0.9.0"
source = "registry+https://github.com/rust-lang/crates.io-index"
checksum = "1d7eb9ef2c18661902cc47e535f9bc51b78acd254da71d375c2f6720d9a40403"
dependencies = [
 "semver-parser",
]

[[package]]
name = "semver-parser"
version = "0.7.0"
source = "registry+https://github.com/rust-lang/crates.io-index"
checksum = "388a1df253eca08550bef6c72392cfe7c30914bf41df5269b68cbd6ff8f570a3"

[[package]]
name = "serde"
version = "1.0.105"
source = "git+https://github.com/mesalock-linux/serde-sgx#ef8226dfcaf5b704cd7db8ac6969dfd02b177572"
dependencies = [
 "sgx_tstd",
]

[[package]]
name = "serde"
version = "1.0.105"
source = "git+https://github.com/mesalock-linux/serde-sgx?rev=sgx_1.1.1#ef8226dfcaf5b704cd7db8ac6969dfd02b177572"
dependencies = [
 "sgx_tstd",
]

[[package]]
name = "serde"
version = "1.0.106"
source = "registry+https://github.com/rust-lang/crates.io-index"
checksum = "36df6ac6412072f67cf767ebbde4133a5b2e88e76dc6187fa7104cd16f783399"

[[package]]
name = "serde-big-array"
version = "0.1.5"
source = "git+https://github.com/mesalock-linux/serde-big-array-sgx#e23aa4421329f727cc26b775a06723d3380591ee"
dependencies = [
 "serde 1.0.105 (git+https://github.com/mesalock-linux/serde-sgx)",
 "serde_derive",
]

[[package]]
name = "serde_derive"
version = "1.0.105"
source = "git+https://github.com/mesalock-linux/serde-sgx#ef8226dfcaf5b704cd7db8ac6969dfd02b177572"
dependencies = [
 "proc-macro2",
 "quote 1.0.3",
 "syn 1.0.17",
]

[[package]]
name = "serde_json"
version = "1.0.40"
source = "git+https://github.com/mesalock-linux/serde-json-sgx?rev=sgx_1.1.1#c28ad9a3c7a351c452afb54f4268292611f15e77"
dependencies = [
 "itoa",
 "ryu",
 "serde 1.0.105 (git+https://github.com/mesalock-linux/serde-sgx)",
 "sgx_tstd",
]

[[package]]
name = "sgx-externalities"
version = "0.1.0"
dependencies = [
 "environmental",
 "log 0.4.8 (git+https://github.com/mesalock-linux/log-sgx?rev=sgx_1.1.1)",
 "sgx_serialize",
 "sgx_tstd",
 "sgx_types",
]

[[package]]
name = "sgx-runtime"
version = "0.1.0"
dependencies = [
 "palette-support",
 "palette-system",
 "pallet-balances",
 "pallet-indices",
 "parity-scale-codec",
 "sr-primitives",
 "sr-version",
 "substrate-application-crypto",
 "substrate-primitives",
]

[[package]]
name = "sgx_alloc"
version = "1.1.1"
source = "git+https://github.com/apache/teaclave-sgx-sdk.git?rev=v1.1.1#66aaa2888992c63137e87adc688ddedab1181056"

[[package]]
name = "sgx_backtrace_sys"
version = "1.1.1"
source = "git+https://github.com/apache/teaclave-sgx-sdk.git?rev=v1.1.1#66aaa2888992c63137e87adc688ddedab1181056"
dependencies = [
 "cc",
 "sgx_build_helper",
 "sgx_libc",
]

[[package]]
name = "sgx_build_helper"
version = "0.1.3"
source = "git+https://github.com/apache/teaclave-sgx-sdk.git?rev=v1.1.1#66aaa2888992c63137e87adc688ddedab1181056"

[[package]]
name = "sgx_crypto_helper"
version = "1.1.1"
source = "git+https://github.com/apache/teaclave-sgx-sdk.git?rev=v1.1.1#66aaa2888992c63137e87adc688ddedab1181056"
dependencies = [
 "itertools 0.9.0",
 "serde 1.0.105 (git+https://github.com/mesalock-linux/serde-sgx)",
 "serde-big-array",
 "serde_derive",
 "sgx_tcrypto",
 "sgx_tstd",
 "sgx_types",
]

[[package]]
name = "sgx_demangle"
version = "1.1.1"
source = "git+https://github.com/apache/teaclave-sgx-sdk.git?rev=v1.1.1#66aaa2888992c63137e87adc688ddedab1181056"

[[package]]
name = "sgx_libc"
version = "1.1.1"
source = "git+https://github.com/apache/teaclave-sgx-sdk.git?rev=v1.1.1#66aaa2888992c63137e87adc688ddedab1181056"
dependencies = [
 "sgx_types",
]

[[package]]
name = "sgx_rand"
version = "1.1.1"
source = "git+https://github.com/apache/teaclave-sgx-sdk.git?rev=v1.1.1#66aaa2888992c63137e87adc688ddedab1181056"
dependencies = [
 "sgx_trts",
 "sgx_tstd",
 "sgx_types",
]

[[package]]
name = "sgx_serialize"
version = "1.1.1"
source = "git+https://github.com/apache/teaclave-sgx-sdk.git?rev=v1.1.1#66aaa2888992c63137e87adc688ddedab1181056"
dependencies = [
 "sgx_tstd",
]

[[package]]
name = "sgx_serialize_derive"
version = "1.1.1"
source = "git+https://github.com/apache/teaclave-sgx-sdk.git?rev=v1.1.1#66aaa2888992c63137e87adc688ddedab1181056"
dependencies = [
 "quote 0.3.15",
 "sgx_serialize_derive_internals",
 "syn 0.11.11",
]

[[package]]
name = "sgx_serialize_derive_internals"
version = "1.1.1"
source = "git+https://github.com/apache/teaclave-sgx-sdk.git?rev=v1.1.1#66aaa2888992c63137e87adc688ddedab1181056"
dependencies = [
 "syn 0.11.11",
]

[[package]]
name = "sgx_tcrypto"
version = "1.1.1"
source = "git+https://github.com/apache/teaclave-sgx-sdk.git?rev=v1.1.1#66aaa2888992c63137e87adc688ddedab1181056"
dependencies = [
 "sgx_types",
]

[[package]]
name = "sgx_tcrypto_helper"
version = "1.1.1"
source = "git+https://github.com/apache/teaclave-sgx-sdk.git?rev=v1.1.1#66aaa2888992c63137e87adc688ddedab1181056"
dependencies = [
 "sgx_crypto_helper",
]

[[package]]
name = "sgx_tprotected_fs"
version = "1.1.1"
source = "git+https://github.com/apache/teaclave-sgx-sdk.git?rev=v1.1.1#66aaa2888992c63137e87adc688ddedab1181056"
dependencies = [
 "sgx_trts",
 "sgx_types",
]

[[package]]
name = "sgx_trts"
version = "1.1.1"
source = "git+https://github.com/apache/teaclave-sgx-sdk.git?rev=v1.1.1#66aaa2888992c63137e87adc688ddedab1181056"
dependencies = [
 "sgx_libc",
 "sgx_types",
]

[[package]]
name = "sgx_tse"
version = "1.1.1"
source = "git+https://github.com/apache/teaclave-sgx-sdk.git?rev=v1.1.1#66aaa2888992c63137e87adc688ddedab1181056"
dependencies = [
 "sgx_types",
]

[[package]]
name = "sgx_tseal"
version = "1.1.1"
source = "git+https://github.com/apache/teaclave-sgx-sdk.git?rev=v1.1.1#66aaa2888992c63137e87adc688ddedab1181056"
dependencies = [
 "sgx_tcrypto",
 "sgx_trts",
 "sgx_tse",
 "sgx_types",
]

[[package]]
name = "sgx_tstd"
version = "1.1.1"
source = "git+https://github.com/apache/teaclave-sgx-sdk.git?rev=v1.1.1#66aaa2888992c63137e87adc688ddedab1181056"
dependencies = [
 "hashbrown_tstd",
 "sgx_alloc",
 "sgx_backtrace_sys",
 "sgx_demangle",
 "sgx_libc",
 "sgx_tprotected_fs",
 "sgx_trts",
 "sgx_types",
 "sgx_unwind",
]

[[package]]
name = "sgx_tunittest"
version = "1.1.1"
source = "git+https://github.com/apache/teaclave-sgx-sdk.git?rev=v1.1.1#66aaa2888992c63137e87adc688ddedab1181056"
dependencies = [
 "sgx_tstd",
]

[[package]]
name = "sgx_types"
version = "1.1.1"
source = "git+https://github.com/apache/teaclave-sgx-sdk.git?rev=v1.1.1#66aaa2888992c63137e87adc688ddedab1181056"

[[package]]
name = "sgx_unwind"
version = "0.1.1"
source = "git+https://github.com/apache/teaclave-sgx-sdk.git?rev=v1.1.1#66aaa2888992c63137e87adc688ddedab1181056"
dependencies = [
 "sgx_build_helper",
]

[[package]]
name = "sha2"
version = "0.8.1"
source = "registry+https://github.com/rust-lang/crates.io-index"
checksum = "27044adfd2e1f077f649f59deb9490d3941d674002f7d062870a60ebe9bd47a0"
dependencies = [
 "block-buffer",
 "digest",
 "fake-simd",
 "opaque-debug",
]

[[package]]
name = "spin"
version = "0.5.2"
source = "registry+https://github.com/rust-lang/crates.io-index"
checksum = "6e63cff320ae2c57904679ba7cb63280a3dc4613885beafb148ee7bf9aa9042d"

[[package]]
name = "sr-arithmetic"
version = "2.0.0"
source = "git+https://github.com/paritytech/substrate?rev=3bf9540e72df5ecb3955845764dfee7dcdbb26b5#3bf9540e72df5ecb3955845764dfee7dcdbb26b5"
dependencies = [
 "integer-sqrt",
 "num-traits 0.2.11",
 "parity-scale-codec",
 "sr-std",
 "substrate-debug-derive",
]

[[package]]
name = "sr-io"
version = "2.0.0"
dependencies = [
 "environmental",
 "hash-db",
 "log 0.4.8 (git+https://github.com/mesalock-linux/log-sgx?rev=sgx_1.1.1)",
 "parity-scale-codec",
 "sgx-externalities",
 "sgx_tstd",
 "sgx_types",
 "sr-std",
 "substrate-primitives",
 "substrate-runtime-interface",
 "twox-hash",
]

[[package]]
name = "sr-primitives"
version = "2.0.0"
source = "git+https://github.com/paritytech/substrate?rev=3bf9540e72df5ecb3955845764dfee7dcdbb26b5#3bf9540e72df5ecb3955845764dfee7dcdbb26b5"
dependencies = [
 "impl-trait-for-tuples",
 "parity-scale-codec",
 "paste",
 "sr-arithmetic",
 "sr-io",
 "sr-std",
 "substrate-application-crypto",
 "substrate-inherents",
 "substrate-primitives",
]

[[package]]
name = "sr-std"
version = "2.0.0"
source = "git+https://github.com/paritytech/substrate?rev=3bf9540e72df5ecb3955845764dfee7dcdbb26b5#3bf9540e72df5ecb3955845764dfee7dcdbb26b5"

[[package]]
name = "sr-version"
version = "2.0.0"
source = "git+https://github.com/paritytech/substrate?rev=3bf9540e72df5ecb3955845764dfee7dcdbb26b5#3bf9540e72df5ecb3955845764dfee7dcdbb26b5"
dependencies = [
 "parity-scale-codec",
 "sr-primitives",
 "sr-std",
]

[[package]]
name = "static_assertions"
version = "1.1.0"
source = "registry+https://github.com/rust-lang/crates.io-index"
checksum = "a2eb9349b6444b326872e140eb1cf5e7c522154d69e7a0ffb0fb81c06b37543f"

[[package]]
name = "stream-cipher"
version = "0.3.2"
source = "registry+https://github.com/rust-lang/crates.io-index"
checksum = "8131256a5896cabcf5eb04f4d6dacbe1aefda854b0d9896e09cb58829ec5638c"
dependencies = [
 "generic-array",
]

[[package]]
name = "substrate-api-client"
version = "2.0.0"
source = "git+https://github.com/scs/substrate-api-client?branch=cl-get_block-api#4f277c69e15d7aa5a1dfc603ba78bbe88ebf388a"
dependencies = [
 "hex",
 "node-primitives",
 "palette-metadata",
 "palette-support",
 "palette-system",
 "pallet-balances",
 "pallet-indices",
 "parity-scale-codec",
 "primitive-types",
 "sr-io",
 "sr-primitives",
 "sr-std",
 "sr-version",
 "substrate-primitives",
]

[[package]]
name = "substrate-application-crypto"
version = "2.0.0"
source = "git+https://github.com/paritytech/substrate?rev=3bf9540e72df5ecb3955845764dfee7dcdbb26b5#3bf9540e72df5ecb3955845764dfee7dcdbb26b5"
dependencies = [
 "parity-scale-codec",
 "sr-io",
 "sr-std",
 "substrate-primitives",
]

[[package]]
name = "substrate-debug-derive"
version = "2.0.0"
source = "git+https://github.com/paritytech/substrate?rev=3bf9540e72df5ecb3955845764dfee7dcdbb26b5#3bf9540e72df5ecb3955845764dfee7dcdbb26b5"
dependencies = [
 "proc-macro2",
 "quote 1.0.3",
 "syn 1.0.17",
]

[[package]]
name = "substrate-inherents"
version = "2.0.0"
source = "git+https://github.com/paritytech/substrate?rev=3bf9540e72df5ecb3955845764dfee7dcdbb26b5#3bf9540e72df5ecb3955845764dfee7dcdbb26b5"
dependencies = [
 "parity-scale-codec",
 "sr-std",
 "substrate-primitives",
]

[[package]]
name = "substrate-primitives"
version = "2.0.0"
source = "git+https://github.com/paritytech/substrate?rev=3bf9540e72df5ecb3955845764dfee7dcdbb26b5#3bf9540e72df5ecb3955845764dfee7dcdbb26b5"
dependencies = [
 "blake2-rfc",
 "byteorder",
 "ed25519-dalek",
 "hash-db",
 "hash256-std-hasher",
 "hex",
 "libsecp256k1",
 "log 0.4.8 (registry+https://github.com/rust-lang/crates.io-index)",
 "num-traits 0.2.11",
 "parity-scale-codec",
 "primitive-types",
 "rustc-hex",
 "schnorrkel",
 "sha2",
 "sr-std",
 "substrate-debug-derive",
 "substrate-primitives-storage",
 "substrate-runtime-interface",
 "tiny-keccak",
 "twox-hash",
 "zeroize 1.1.0",
]

[[package]]
name = "substrate-primitives-storage"
version = "2.0.0"
source = "git+https://github.com/paritytech/substrate?rev=3bf9540e72df5ecb3955845764dfee7dcdbb26b5#3bf9540e72df5ecb3955845764dfee7dcdbb26b5"
dependencies = [
 "sr-std",
 "substrate-debug-derive",
]

[[package]]
name = "substrate-runtime-interface"
version = "2.0.0"
source = "git+https://github.com/paritytech/substrate?rev=3bf9540e72df5ecb3955845764dfee7dcdbb26b5#3bf9540e72df5ecb3955845764dfee7dcdbb26b5"
dependencies = [
 "parity-scale-codec",
 "primitive-types",
 "sr-std",
 "static_assertions",
 "substrate-runtime-interface-proc-macro",
]

[[package]]
name = "substrate-runtime-interface-proc-macro"
version = "2.0.0"
source = "git+https://github.com/paritytech/substrate?rev=3bf9540e72df5ecb3955845764dfee7dcdbb26b5#3bf9540e72df5ecb3955845764dfee7dcdbb26b5"
dependencies = [
 "Inflector",
 "proc-macro-crate",
 "proc-macro2",
 "quote 1.0.3",
 "syn 1.0.17",
]

[[package]]
name = "substratee-stf"
version = "0.1.0"
dependencies = [
 "env_logger",
 "log 0.4.8 (git+https://github.com/mesalock-linux/log-sgx)",
 "pallet-indices",
 "parity-scale-codec",
 "sgx-runtime",
 "sgx_tstd",
 "sr-io",
 "sr-primitives",
 "substrate-application-crypto",
 "substrate-primitives",
]

[[package]]
name = "substratee-worker-enclave"
version = "4.0.0"
dependencies = [
 "aes",
 "base64",
 "bit-vec",
 "chrono",
 "env_logger",
 "httparse",
 "itertools 0.8.2",
 "lazy_static",
 "log 0.4.8 (git+https://github.com/mesalock-linux/log-sgx)",
 "nb-sync",
 "num-bigint",
 "ofb",
 "parity-scale-codec",
 "primitive-types",
 "rust-base58",
 "rustls",
 "serde 1.0.105 (git+https://github.com/mesalock-linux/serde-sgx?rev=sgx_1.1.1)",
 "serde_derive",
 "serde_json",
 "sgx-externalities",
 "sgx_rand",
 "sgx_serialize",
 "sgx_serialize_derive",
 "sgx_tcrypto",
 "sgx_tcrypto_helper",
 "sgx_trts",
 "sgx_tse",
 "sgx_tseal",
 "sgx_tstd",
 "sgx_tunittest",
 "sgx_types",
 "sr-io",
 "sr-primitives",
 "sr-std",
 "substrate-api-client",
 "substrate-application-crypto",
 "substrate-primitives",
 "substratee-stf",
 "webpki",
 "webpki-roots",
 "yasna",
]

[[package]]
name = "subtle"
version = "1.0.0"
source = "registry+https://github.com/rust-lang/crates.io-index"
checksum = "2d67a5a62ba6e01cb2192ff309324cb4875d0c451d55fe2319433abe7a05a8ee"

[[package]]
name = "subtle"
version = "2.2.2"
source = "registry+https://github.com/rust-lang/crates.io-index"
checksum = "7c65d530b10ccaeac294f349038a597e435b18fb456aadd0840a623f83b9e941"

[[package]]
name = "syn"
version = "0.11.11"
source = "registry+https://github.com/rust-lang/crates.io-index"
checksum = "d3b891b9015c88c576343b9b3e41c2c11a51c219ef067b264bd9c8aa9b441dad"
dependencies = [
 "quote 0.3.15",
 "synom",
 "unicode-xid 0.0.4",
]

[[package]]
name = "syn"
version = "1.0.17"
source = "registry+https://github.com/rust-lang/crates.io-index"
checksum = "0df0eb663f387145cab623dea85b09c2c5b4b0aef44e945d928e682fce71bb03"
dependencies = [
 "proc-macro2",
 "quote 1.0.3",
 "unicode-xid 0.2.0",
]

[[package]]
name = "synom"
version = "0.11.3"
source = "registry+https://github.com/rust-lang/crates.io-index"
checksum = "a393066ed9010ebaed60b9eafa373d4b1baac186dd7e008555b0f702b51945b6"
dependencies = [
 "unicode-xid 0.0.4",
]

[[package]]
name = "synstructure"
version = "0.12.3"
source = "registry+https://github.com/rust-lang/crates.io-index"
checksum = "67656ea1dc1b41b1451851562ea232ec2e5a80242139f7e679ceccfb5d61f545"
dependencies = [
 "proc-macro2",
 "quote 1.0.3",
 "syn 1.0.17",
 "unicode-xid 0.2.0",
]

[[package]]
name = "termcolor"
version = "1.0.5"
source = "git+https://github.com/mesalock-linux/termcolor-sgx#3cf5aa400d99551aa24bfb56727968a7ddfb703a"
dependencies = [
 "sgx_tstd",
]

[[package]]
name = "thread_local"
version = "1.0.0"
source = "git+https://github.com/mesalock-linux/thread_local-rs-sgx#2efa86b11bf6e88d7271c4d8484fd460ac4b46bc"
dependencies = [
 "lazy_static",
 "sgx_tstd",
]

[[package]]
name = "thread_local"
version = "1.0.1"
source = "registry+https://github.com/rust-lang/crates.io-index"
checksum = "d40c6d1b69745a6ec6fb1ca717914848da4b44ae29d9b3080cbee91d72a69b14"
dependencies = [
 "lazy_static",
]

[[package]]
name = "tiny-keccak"
version = "2.0.2"
source = "registry+https://github.com/rust-lang/crates.io-index"
checksum = "2c9d3793400a45f954c52e73d068316d76b6f4e36977e3fcebb13a2721e80237"
dependencies = [
 "crunchy",
]

[[package]]
name = "toml"
version = "0.5.6"
source = "registry+https://github.com/rust-lang/crates.io-index"
checksum = "ffc92d160b1eef40665be3a05630d003936a3bc7da7421277846c2613e92c71a"
dependencies = [
 "serde 1.0.106",
]

[[package]]
name = "twox-hash"
version = "1.5.0"
source = "registry+https://github.com/rust-lang/crates.io-index"
checksum = "3bfd5b7557925ce778ff9b9ef90e3ade34c524b5ff10e239c69a42d546d2af56"

[[package]]
name = "typenum"
version = "1.12.0"
source = "registry+https://github.com/rust-lang/crates.io-index"
checksum = "373c8a200f9e67a0c95e62a4f52fbf80c23b4381c05a17845531982fa99e6b33"

[[package]]
name = "uint"
version = "0.8.2"
source = "registry+https://github.com/rust-lang/crates.io-index"
checksum = "e75a4cdd7b87b28840dba13c483b9a88ee6bbf16ba5c951ee1ecfcf723078e0d"
dependencies = [
 "byteorder",
 "crunchy",
 "rustc-hex",
 "static_assertions",
]

[[package]]
name = "unicode-xid"
version = "0.0.4"
source = "registry+https://github.com/rust-lang/crates.io-index"
checksum = "8c1f860d7d29cf02cb2f3f359fd35991af3d30bac52c57d265a3c461074cb4dc"

[[package]]
name = "unicode-xid"
version = "0.2.0"
source = "registry+https://github.com/rust-lang/crates.io-index"
checksum = "826e7639553986605ec5979c7dd957c7895e93eabed50ab2ffa7f6128a75097c"

[[package]]
name = "untrusted"
version = "0.7.0"
source = "registry+https://github.com/rust-lang/crates.io-index"
checksum = "60369ef7a31de49bcb3f6ca728d4ba7300d9a1658f94c727d4cab8c8d9f4aece"

[[package]]
name = "webpki"
version = "0.21.2"
source = "git+https://github.com/mesalock-linux/webpki?branch=mesalock_sgx#7e659ba78806b5dd249c16a372985272369ca4bf"
dependencies = [
 "ring",
 "sgx_tstd",
 "untrusted",
]

[[package]]
name = "webpki-roots"
version = "0.19.0"
source = "git+https://github.com/mesalock-linux/webpki-roots?branch=mesalock_sgx#3a3c9e909cd2c0a05d2614c6b153b15141e81507"
dependencies = [
 "sgx_tstd",
 "webpki",
]

[[package]]
name = "winapi"
version = "0.3.8"
source = "registry+https://github.com/rust-lang/crates.io-index"
checksum = "8093091eeb260906a183e6ae1abdba2ef5ef2257a21801128899c3fc699229c6"
dependencies = [
 "winapi-i686-pc-windows-gnu",
 "winapi-x86_64-pc-windows-gnu",
]

[[package]]
name = "winapi-i686-pc-windows-gnu"
version = "0.4.0"
source = "registry+https://github.com/rust-lang/crates.io-index"
checksum = "ac3b87c63620426dd9b991e5ce0329eff545bccbbb34f3be09ff6fb6ab51b7b6"

[[package]]
name = "winapi-x86_64-pc-windows-gnu"
version = "0.4.0"
source = "registry+https://github.com/rust-lang/crates.io-index"
checksum = "712e227841d057c1ee1cd2fb22fa7e5a5461ae8e48fa2ca79ec42cfc1931183f"

[[package]]
name = "yasna"
version = "0.3.1"
source = "git+https://github.com/mesalock-linux/yasna.rs-sgx?rev=sgx_1.1.1#582b016f9747ce5b0511185975a689567941af45"
dependencies = [
 "bit-vec",
 "chrono",
 "num-bigint",
 "sgx_tstd",
]

[[package]]
name = "zeroize"
version = "0.9.3"
source = "registry+https://github.com/rust-lang/crates.io-index"
checksum = "45af6a010d13e4cf5b54c94ba5a2b2eba5596b9e46bf5875612d332a1f2b3f86"

[[package]]
name = "zeroize"
version = "1.1.0"
source = "registry+https://github.com/rust-lang/crates.io-index"
checksum = "3cbac2ed2ba24cc90f5e06485ac8c7c1e5449fe8911aef4d8877218af021a5b8"
dependencies = [
 "zeroize_derive",
]

[[package]]
name = "zeroize_derive"
version = "1.0.0"
source = "registry+https://github.com/rust-lang/crates.io-index"
checksum = "de251eec69fc7c1bc3923403d18ececb929380e016afe103da75f396704f8ca2"
dependencies = [
 "proc-macro2",
 "quote 1.0.3",
 "syn 1.0.17",
 "synstructure",
]
